
Microsoft Visual Studio Solution File, Format Version 12.00
# Visual Studio 15
VisualStudioVersion = 15.0.26124.0
MinimumVisualStudioVersion = 15.0.26124.0
Project("{2150E333-8FDC-42A3-9474-1A3956D46DE8}") = "src", "src", "{E6275F55-FB66-45AB-961E-851080623F28}"
EndProject
Project("{FAE04EC0-301F-11D3-BF4B-00C04F79EFBC}") = "CommandAPI", "src\CommandAPI\CommandAPI.csproj", "{BD350DC7-5A3B-4776-A433-8A3235C1CBD0}"
EndProject
Project("{2150E333-8FDC-42A3-9474-1A3956D46DE8}") = "test", "test", "{5DAAF0C8-3503-459B-B6A5-0B45520CD33C}"
EndProject
Project("{FAE04EC0-301F-11D3-BF4B-00C04F79EFBC}") = "CommandAPI.Tests", "test\CommandAPI.Tests\CommandAPI.Tests.csproj", "{C146DAD2-55C1-4D94-81D6-E34084FD9F76}"
EndProject
Global
	GlobalSection(SolutionConfigurationPlatforms) = preSolution
		Debug|Any CPU = Debug|Any CPU
		Debug|x64 = Debug|x64
		Debug|x86 = Debug|x86
		Release|Any CPU = Release|Any CPU
		Release|x64 = Release|x64
		Release|x86 = Release|x86
	EndGlobalSection
	GlobalSection(SolutionProperties) = preSolution
		HideSolutionNode = FALSE
	EndGlobalSection
	GlobalSection(ProjectConfigurationPlatforms) = postSolution
		{BD350DC7-5A3B-4776-A433-8A3235C1CBD0}.Debug|Any CPU.ActiveCfg = Debug|Any CPU
		{BD350DC7-5A3B-4776-A433-8A3235C1CBD0}.Debug|Any CPU.Build.0 = Debug|Any CPU
		{BD350DC7-5A3B-4776-A433-8A3235C1CBD0}.Debug|x64.ActiveCfg = Debug|Any CPU
		{BD350DC7-5A3B-4776-A433-8A3235C1CBD0}.Debug|x64.Build.0 = Debug|Any CPU
		{BD350DC7-5A3B-4776-A433-8A3235C1CBD0}.Debug|x86.ActiveCfg = Debug|Any CPU
		{BD350DC7-5A3B-4776-A433-8A3235C1CBD0}.Debug|x86.Build.0 = Debug|Any CPU
		{BD350DC7-5A3B-4776-A433-8A3235C1CBD0}.Release|Any CPU.ActiveCfg = Release|Any CPU
		{BD350DC7-5A3B-4776-A433-8A3235C1CBD0}.Release|Any CPU.Build.0 = Release|Any CPU
		{BD350DC7-5A3B-4776-A433-8A3235C1CBD0}.Release|x64.ActiveCfg = Release|Any CPU
		{BD350DC7-5A3B-4776-A433-8A3235C1CBD0}.Release|x64.Build.0 = Release|Any CPU
		{BD350DC7-5A3B-4776-A433-8A3235C1CBD0}.Release|x86.ActiveCfg = Release|Any CPU
		{BD350DC7-5A3B-4776-A433-8A3235C1CBD0}.Release|x86.Build.0 = Release|Any CPU
		{C146DAD2-55C1-4D94-81D6-E34084FD9F76}.Debug|Any CPU.ActiveCfg = Debug|Any CPU
		{C146DAD2-55C1-4D94-81D6-E34084FD9F76}.Debug|Any CPU.Build.0 = Debug|Any CPU
		{C146DAD2-55C1-4D94-81D6-E34084FD9F76}.Debug|x64.ActiveCfg = Debug|Any CPU
		{C146DAD2-55C1-4D94-81D6-E34084FD9F76}.Debug|x64.Build.0 = Debug|Any CPU
		{C146DAD2-55C1-4D94-81D6-E34084FD9F76}.Debug|x86.ActiveCfg = Debug|Any CPU
		{C146DAD2-55C1-4D94-81D6-E34084FD9F76}.Debug|x86.Build.0 = Debug|Any CPU
		{C146DAD2-55C1-4D94-81D6-E34084FD9F76}.Release|Any CPU.ActiveCfg = Release|Any CPU
		{C146DAD2-55C1-4D94-81D6-E34084FD9F76}.Release|Any CPU.Build.0 = Release|Any CPU
		{C146DAD2-55C1-4D94-81D6-E34084FD9F76}.Release|x64.ActiveCfg = Release|Any CPU
		{C146DAD2-55C1-4D94-81D6-E34084FD9F76}.Release|x64.Build.0 = Release|Any CPU
		{C146DAD2-55C1-4D94-81D6-E34084FD9F76}.Release|x86.ActiveCfg = Release|Any CPU
		{C146DAD2-55C1-4D94-81D6-E34084FD9F76}.Release|x86.Build.0 = Release|Any CPU
	EndGlobalSection
	GlobalSection(NestedProjects) = preSolution
		{BD350DC7-5A3B-4776-A433-8A3235C1CBD0} = {E6275F55-FB66-45AB-961E-851080623F28}
		{C146DAD2-55C1-4D94-81D6-E34084FD9F76} = {5DAAF0C8-3503-459B-B6A5-0B45520CD33C}
	EndGlobalSection
EndGlobal
